
Microsoft Visual Studio Solution File, Format Version 12.00
# Visual Studio 15
VisualStudioVersion = 15.0.28307.168
MinimumVisualStudioVersion = 10.0.40219.1
Project("{FAE04EC0-301F-11D3-BF4B-00C04F79EFBC}") = "CBP-Manila", "CBP-Manila\CBP-Manila.csproj", "{E8F71995-0328-47C7-90BA-B0939ADF6CCE}"
EndProject
Global
	GlobalSection(SolutionConfigurationPlatforms) = preSolution
		Debug|Any CPU = Debug|Any CPU
		Release|Any CPU = Release|Any CPU
	EndGlobalSection
	GlobalSection(ProjectConfigurationPlatforms) = postSolution
		{E8F71995-0328-47C7-90BA-B0939ADF6CCE}.Debug|Any CPU.ActiveCfg = Debug|Any CPU
		{E8F71995-0328-47C7-90BA-B0939ADF6CCE}.Debug|Any CPU.Build.0 = Debug|Any CPU
		{E8F71995-0328-47C7-90BA-B0939ADF6CCE}.Release|Any CPU.ActiveCfg = Release|Any CPU
		{E8F71995-0328-47C7-90BA-B0939ADF6CCE}.Release|Any CPU.Build.0 = Release|Any CPU
	EndGlobalSection
	GlobalSection(SolutionProperties) = preSolution
		HideSolutionNode = FALSE
	EndGlobalSection
	GlobalSection(ExtensibilityGlobals) = postSolution
		SolutionGuid = {D136378C-B3C1-4CFC-9CB4-81CE1FC146B7}
	EndGlobalSection
EndGlobal
